{
    "name": "@hyperledger/cacti-plugin-weaver-driver-fabric",
    "version": "2.1.0",
    "lockfileVersion": 3,
    "requires": true,
    "packages": {
        "": {
            "name": "@hyperledger/cacti-plugin-weaver-driver-fabric",
            "version": "2.1.0",
            "license": "Apache-2.0",
            "engines": {
                "node": ">=18",
                "npm": ">=8"
            }
        }
    }
}
